
Microsoft Visual Studio Solution File, Format Version 12.00
# Visual Studio 2012
Project("{FAE04EC0-301F-11D3-BF4B-00C04F79EFBC}") = "NFine.Application", "NFine.Application\NFine.Application.csproj", "{F2035EE2-B73D-4FB8-A433-CAB465DE6A2A}"
EndProject
Project("{2150E333-8FDC-42A3-9474-1A3956D46DE8}") = "01 Common 基础结构层", "01 Common 基础结构层", "{DE2A9A88-E15C-4E3D-AB28-B97879149854}"
EndProject
Project("{2150E333-8FDC-42A3-9474-1A3956D46DE8}") = "04 Web 应用程序", "04 Web 应用程序", "{748B2C30-CB38-49EE-AD5A-391272786FA7}"
EndProject
Project("{FAE04EC0-301F-11D3-BF4B-00C04F79EFBC}") = "NFine.Web", "NFine.Web\NFine.Web.csproj", "{BEF1F2C9-1903-4AC4-93BD-08452BFA37A3}"
EndProject
Project("{FAE04EC0-301F-11D3-BF4B-00C04F79EFBC}") = "NFine.Domain", "NFine.Domain\NFine.Domain.csproj", "{7DC886CD-B8A0-44E8-AADD-57FCB0CFECB8}"
EndProject
Project("{FAE04EC0-301F-11D3-BF4B-00C04F79EFBC}") = "NFine.Code", "NFine.Code\NFine.Code.csproj", "{DB19CE03-C307-43FE-A209-08AA4AE10E21}"
EndProject
Project("{2150E333-8FDC-42A3-9474-1A3956D46DE8}") = "03 Domain 应用服务", "03 Domain 应用服务", "{F2C0CC86-CD58-4803-B43A-10FA559A355B}"
EndProject
Project("{FAE04EC0-301F-11D3-BF4B-00C04F79EFBC}") = "NFine.Repository", "NFine.Repository\NFine.Repository.csproj", "{875233BF-EA15-49E0-9A9C-77884A897FF6}"
EndProject
Project("{FAE04EC0-301F-11D3-BF4B-00C04F79EFBC}") = "NFine.Data", "NFine.Data\NFine.Data.csproj", "{F71003E8-A836-48F4-9DF6-DF9095CEBD18}"
EndProject
Project("{FAE04EC0-301F-11D3-BF4B-00C04F79EFBC}") = "NFine.Mapping", "NFine.Mapping\NFine.Mapping.csproj", "{4E642CBE-F6C5-4CB9-9474-6B349652FE77}"
EndProject
Project("{2150E333-8FDC-42A3-9474-1A3956D46DE8}") = "05WeixinCommon微信服务", "05WeixinCommon微信服务", "{6DEFE107-4137-4A66-B8E3-3FDAC28550CB}"
EndProject
Project("{FAE04EC0-301F-11D3-BF4B-00C04F79EFBC}") = "WeixinCommomService", "WeixinCommomService\WeixinCommomService.csproj", "{05C4FE41-3A7F-4628-B31C-A45E943F803B}"
EndProject
Project("{2150E333-8FDC-42A3-9474-1A3956D46DE8}") = "06WebService数据服务", "06WebService数据服务", "{2B43ECB5-28DF-4109-85FC-235D78708E9A}"
EndProject
Project("{FAE04EC0-301F-11D3-BF4B-00C04F79EFBC}") = "Model", "Model\Model.csproj", "{2A191ED9-5F70-42A7-833A-2CEFD7008946}"
EndProject
Project("{FAE04EC0-301F-11D3-BF4B-00C04F79EFBC}") = "BLL", "BLL\BLL.csproj", "{07C74179-FE6F-4725-AF2A-6ECBBC3EC8CC}"
EndProject
Project("{FAE04EC0-301F-11D3-BF4B-00C04F79EFBC}") = "DAL", "DAL\DAL.csproj", "{88D721B2-FF65-4A98-A13D-5DA170805DD4}"
EndProject
Project("{FAE04EC0-301F-11D3-BF4B-00C04F79EFBC}") = "Common.DBHelper", "Common.DBHelper\Common.DBHelper.csproj", "{116ED721-EA20-40EB-AB1D-18F45532253C}"
EndProject
Project("{FAE04EC0-301F-11D3-BF4B-00C04F79EFBC}") = "Common.Functions", "Common.Functions\Common.Functions.csproj", "{5EAD31F4-336A-4F43-A834-E37E0D7221F1}"
EndProject
Project("{FAE04EC0-301F-11D3-BF4B-00C04F79EFBC}") = "Common.LogNet", "Common.LogNet\Common.LogNet.csproj", "{5AE02442-AFC2-48EB-9A84-70460E788CBD}"
EndProject
Global
	GlobalSection(SolutionConfigurationPlatforms) = preSolution
		Debug|Any CPU = Debug|Any CPU
		Release|Any CPU = Release|Any CPU
	EndGlobalSection
	GlobalSection(ProjectConfigurationPlatforms) = postSolution
		{F2035EE2-B73D-4FB8-A433-CAB465DE6A2A}.Debug|Any CPU.ActiveCfg = Debug|Any CPU
		{F2035EE2-B73D-4FB8-A433-CAB465DE6A2A}.Debug|Any CPU.Build.0 = Debug|Any CPU
		{F2035EE2-B73D-4FB8-A433-CAB465DE6A2A}.Release|Any CPU.ActiveCfg = Release|Any CPU
		{F2035EE2-B73D-4FB8-A433-CAB465DE6A2A}.Release|Any CPU.Build.0 = Release|Any CPU
		{BEF1F2C9-1903-4AC4-93BD-08452BFA37A3}.Debug|Any CPU.ActiveCfg = Debug|Any CPU
		{BEF1F2C9-1903-4AC4-93BD-08452BFA37A3}.Debug|Any CPU.Build.0 = Debug|Any CPU
		{BEF1F2C9-1903-4AC4-93BD-08452BFA37A3}.Release|Any CPU.ActiveCfg = Release|Any CPU
		{BEF1F2C9-1903-4AC4-93BD-08452BFA37A3}.Release|Any CPU.Build.0 = Release|Any CPU
		{7DC886CD-B8A0-44E8-AADD-57FCB0CFECB8}.Debug|Any CPU.ActiveCfg = Debug|Any CPU
		{7DC886CD-B8A0-44E8-AADD-57FCB0CFECB8}.Debug|Any CPU.Build.0 = Debug|Any CPU
		{7DC886CD-B8A0-44E8-AADD-57FCB0CFECB8}.Release|Any CPU.ActiveCfg = Release|Any CPU
		{7DC886CD-B8A0-44E8-AADD-57FCB0CFECB8}.Release|Any CPU.Build.0 = Release|Any CPU
		{DB19CE03-C307-43FE-A209-08AA4AE10E21}.Debug|Any CPU.ActiveCfg = Debug|Any CPU
		{DB19CE03-C307-43FE-A209-08AA4AE10E21}.Debug|Any CPU.Build.0 = Debug|Any CPU
		{DB19CE03-C307-43FE-A209-08AA4AE10E21}.Release|Any CPU.ActiveCfg = Release|Any CPU
		{DB19CE03-C307-43FE-A209-08AA4AE10E21}.Release|Any CPU.Build.0 = Release|Any CPU
		{875233BF-EA15-49E0-9A9C-77884A897FF6}.Debug|Any CPU.ActiveCfg = Debug|Any CPU
		{875233BF-EA15-49E0-9A9C-77884A897FF6}.Debug|Any CPU.Build.0 = Debug|Any CPU
		{875233BF-EA15-49E0-9A9C-77884A897FF6}.Release|Any CPU.ActiveCfg = Release|Any CPU
		{875233BF-EA15-49E0-9A9C-77884A897FF6}.Release|Any CPU.Build.0 = Release|Any CPU
		{F71003E8-A836-48F4-9DF6-DF9095CEBD18}.Debug|Any CPU.ActiveCfg = Debug|Any CPU
		{F71003E8-A836-48F4-9DF6-DF9095CEBD18}.Debug|Any CPU.Build.0 = Debug|Any CPU
		{F71003E8-A836-48F4-9DF6-DF9095CEBD18}.Release|Any CPU.ActiveCfg = Release|Any CPU
		{F71003E8-A836-48F4-9DF6-DF9095CEBD18}.Release|Any CPU.Build.0 = Release|Any CPU
		{4E642CBE-F6C5-4CB9-9474-6B349652FE77}.Debug|Any CPU.ActiveCfg = Debug|Any CPU
		{4E642CBE-F6C5-4CB9-9474-6B349652FE77}.Debug|Any CPU.Build.0 = Debug|Any CPU
		{4E642CBE-F6C5-4CB9-9474-6B349652FE77}.Release|Any CPU.ActiveCfg = Release|Any CPU
		{4E642CBE-F6C5-4CB9-9474-6B349652FE77}.Release|Any CPU.Build.0 = Release|Any CPU
		{05C4FE41-3A7F-4628-B31C-A45E943F803B}.Debug|Any CPU.ActiveCfg = Debug|Any CPU
		{05C4FE41-3A7F-4628-B31C-A45E943F803B}.Debug|Any CPU.Build.0 = Debug|Any CPU
		{05C4FE41-3A7F-4628-B31C-A45E943F803B}.Release|Any CPU.ActiveCfg = Release|Any CPU
		{05C4FE41-3A7F-4628-B31C-A45E943F803B}.Release|Any CPU.Build.0 = Release|Any CPU
		{2A191ED9-5F70-42A7-833A-2CEFD7008946}.Debug|Any CPU.ActiveCfg = Debug|Any CPU
		{2A191ED9-5F70-42A7-833A-2CEFD7008946}.Debug|Any CPU.Build.0 = Debug|Any CPU
		{2A191ED9-5F70-42A7-833A-2CEFD7008946}.Release|Any CPU.ActiveCfg = Release|Any CPU
		{2A191ED9-5F70-42A7-833A-2CEFD7008946}.Release|Any CPU.Build.0 = Release|Any CPU
		{07C74179-FE6F-4725-AF2A-6ECBBC3EC8CC}.Debug|Any CPU.ActiveCfg = Debug|Any CPU
		{07C74179-FE6F-4725-AF2A-6ECBBC3EC8CC}.Debug|Any CPU.Build.0 = Debug|Any CPU
		{07C74179-FE6F-4725-AF2A-6ECBBC3EC8CC}.Release|Any CPU.ActiveCfg = Release|Any CPU
		{07C74179-FE6F-4725-AF2A-6ECBBC3EC8CC}.Release|Any CPU.Build.0 = Release|Any CPU
		{88D721B2-FF65-4A98-A13D-5DA170805DD4}.Debug|Any CPU.ActiveCfg = Debug|Any CPU
		{88D721B2-FF65-4A98-A13D-5DA170805DD4}.Debug|Any CPU.Build.0 = Debug|Any CPU
		{88D721B2-FF65-4A98-A13D-5DA170805DD4}.Release|Any CPU.ActiveCfg = Release|Any CPU
		{88D721B2-FF65-4A98-A13D-5DA170805DD4}.Release|Any CPU.Build.0 = Release|Any CPU
		{116ED721-EA20-40EB-AB1D-18F45532253C}.Debug|Any CPU.ActiveCfg = Debug|Any CPU
		{116ED721-EA20-40EB-AB1D-18F45532253C}.Debug|Any CPU.Build.0 = Debug|Any CPU
		{116ED721-EA20-40EB-AB1D-18F45532253C}.Release|Any CPU.ActiveCfg = Release|Any CPU
		{116ED721-EA20-40EB-AB1D-18F45532253C}.Release|Any CPU.Build.0 = Release|Any CPU
		{5EAD31F4-336A-4F43-A834-E37E0D7221F1}.Debug|Any CPU.ActiveCfg = Debug|Any CPU
		{5EAD31F4-336A-4F43-A834-E37E0D7221F1}.Debug|Any CPU.Build.0 = Debug|Any CPU
		{5EAD31F4-336A-4F43-A834-E37E0D7221F1}.Release|Any CPU.ActiveCfg = Release|Any CPU
		{5EAD31F4-336A-4F43-A834-E37E0D7221F1}.Release|Any CPU.Build.0 = Release|Any CPU
		{5AE02442-AFC2-48EB-9A84-70460E788CBD}.Debug|Any CPU.ActiveCfg = Debug|Any CPU
		{5AE02442-AFC2-48EB-9A84-70460E788CBD}.Debug|Any CPU.Build.0 = Debug|Any CPU
		{5AE02442-AFC2-48EB-9A84-70460E788CBD}.Release|Any CPU.ActiveCfg = Release|Any CPU
		{5AE02442-AFC2-48EB-9A84-70460E788CBD}.Release|Any CPU.Build.0 = Release|Any CPU
	EndGlobalSection
	GlobalSection(SolutionProperties) = preSolution
		HideSolutionNode = FALSE
	EndGlobalSection
	GlobalSection(NestedProjects) = preSolution
		{7DC886CD-B8A0-44E8-AADD-57FCB0CFECB8} = {F2C0CC86-CD58-4803-B43A-10FA559A355B}
		{F2035EE2-B73D-4FB8-A433-CAB465DE6A2A} = {F2C0CC86-CD58-4803-B43A-10FA559A355B}
		{875233BF-EA15-49E0-9A9C-77884A897FF6} = {F2C0CC86-CD58-4803-B43A-10FA559A355B}
		{4E642CBE-F6C5-4CB9-9474-6B349652FE77} = {F2C0CC86-CD58-4803-B43A-10FA559A355B}
		{DB19CE03-C307-43FE-A209-08AA4AE10E21} = {DE2A9A88-E15C-4E3D-AB28-B97879149854}
		{F71003E8-A836-48F4-9DF6-DF9095CEBD18} = {DE2A9A88-E15C-4E3D-AB28-B97879149854}
		{BEF1F2C9-1903-4AC4-93BD-08452BFA37A3} = {748B2C30-CB38-49EE-AD5A-391272786FA7}
		{05C4FE41-3A7F-4628-B31C-A45E943F803B} = {6DEFE107-4137-4A66-B8E3-3FDAC28550CB}
		{2A191ED9-5F70-42A7-833A-2CEFD7008946} = {2B43ECB5-28DF-4109-85FC-235D78708E9A}
		{07C74179-FE6F-4725-AF2A-6ECBBC3EC8CC} = {2B43ECB5-28DF-4109-85FC-235D78708E9A}
		{88D721B2-FF65-4A98-A13D-5DA170805DD4} = {2B43ECB5-28DF-4109-85FC-235D78708E9A}
		{116ED721-EA20-40EB-AB1D-18F45532253C} = {2B43ECB5-28DF-4109-85FC-235D78708E9A}
		{5EAD31F4-336A-4F43-A834-E37E0D7221F1} = {2B43ECB5-28DF-4109-85FC-235D78708E9A}
		{5AE02442-AFC2-48EB-9A84-70460E788CBD} = {2B43ECB5-28DF-4109-85FC-235D78708E9A}
	EndGlobalSection
EndGlobal
